{
  "name": "hello-sanjay",
  "version": "1.0.0",
  "lockfileVersion": 3,
  "requires": true,
  "packages": {
    "": {
      "name": "hello-sanjay",
      "version": "1.0.0",
      "license": "MIT",
      "bin": {
        "hello-sanjay": "bin/hello-sanjay.js"
      },
      "engines": {
        "node": ">=16"
      }
    }
  }
}
